
Microsoft Visual Studio Solution File, Format Version 12.00
# Visual Studio 15
VisualStudioVersion = 15.0.27004.2009
MinimumVisualStudioVersion = 10.0.40219.1
Project("{FAE04EC0-301F-11D3-BF4B-00C04F79EFBC}") = "MoviesAPI", "MoviesAPI\MoviesAPI.csproj", "{5145E8D3-9DC2-47AB-9E1E-6C2F3FCB9FF4}"
EndProject
Global
	GlobalSection(SolutionConfigurationPlatforms) = preSolution
		Debug|Any CPU = Debug|Any CPU
		Release|Any CPU = Release|Any CPU
	EndGlobalSection
	GlobalSection(ProjectConfigurationPlatforms) = postSolution
		{5145E8D3-9DC2-47AB-9E1E-6C2F3FCB9FF4}.Debug|Any CPU.ActiveCfg = Debug|Any CPU
		{5145E8D3-9DC2-47AB-9E1E-6C2F3FCB9FF4}.Debug|Any CPU.Build.0 = Debug|Any CPU
		{5145E8D3-9DC2-47AB-9E1E-6C2F3FCB9FF4}.Release|Any CPU.ActiveCfg = Release|Any CPU
		{5145E8D3-9DC2-47AB-9E1E-6C2F3FCB9FF4}.Release|Any CPU.Build.0 = Release|Any CPU
	EndGlobalSection
	GlobalSection(SolutionProperties) = preSolution
		HideSolutionNode = FALSE
	EndGlobalSection
	GlobalSection(ExtensibilityGlobals) = postSolution
		SolutionGuid = {356FC7A4-90F8-4303-A904-27405B173389}
	EndGlobalSection
EndGlobal
